
Microsoft Visual Studio Solution File, Format Version 12.00
# Visual Studio Version 17
VisualStudioVersion = 17.0.31903.59
MinimumVisualStudioVersion = 10.0.40219.1
Project("{2150E333-8FDC-42A3-9474-1A3956D46DE8}") = "src", "src", "{827E0CD3-B72D-47B6-A68D-7590B98EB39B}"
EndProject
Project("{FAE04EC0-301F-11D3-BF4B-00C04F79EFBC}") = "TradeAI.App", "src\TradeAI.App\TradeAI.App.csproj", "{A874CC53-C05F-4D09-8294-030B3F7295AC}"
EndProject
Project("{FAE04EC0-301F-11D3-BF4B-00C04F79EFBC}") = "TradeAI.Core", "src\TradeAI.Core\TradeAI.Core.csproj", "{B795A404-54B6-41FA-85E6-A53C4F81055D}"
EndProject
Project("{FAE04EC0-301F-11D3-BF4B-00C04F79EFBC}") = "TradeAI.Data", "src\TradeAI.Data\TradeAI.Data.csproj", "{0F6EA0A8-C28C-473E-9F02-3015331EC08F}"
EndProject
Project("{FAE04EC0-301F-11D3-BF4B-00C04F79EFBC}") = "TradeAI.UI", "src\TradeAI.UI\TradeAI.UI.csproj", "{AA4416EA-8841-4B79-A1A1-B2925BD72C4A}"
EndProject
Project("{FAE04EC0-301F-11D3-BF4B-00C04F79EFBC}") = "TradeAI.Infrastructure", "src\TradeAI.Infrastructure\TradeAI.Infrastructure.csproj", "{30E21EA9-1CD4-4FD7-B78E-76BE3EB08759}"
EndProject
Project("{2150E333-8FDC-42A3-9474-1A3956D46DE8}") = "tests", "tests", "{0AB3BF05-4346-4AA6-1389-037BE0695223}"
EndProject
Project("{FAE04EC0-301F-11D3-BF4B-00C04F79EFBC}") = "TradeAI.Core.Tests", "tests\TradeAI.Core.Tests\TradeAI.Core.Tests.csproj", "{8F81F1AA-B2A9-48F7-8D2B-CF5D67D07A60}"
EndProject
Project("{FAE04EC0-301F-11D3-BF4B-00C04F79EFBC}") = "TradeAI.Data.Tests", "tests\TradeAI.Data.Tests\TradeAI.Data.Tests.csproj", "{2DB9E1ED-72D2-4EC4-90DB-B957E1676CA6}"
EndProject
Global
	GlobalSection(SolutionConfigurationPlatforms) = preSolution
		Debug|Any CPU = Debug|Any CPU
		Debug|x64 = Debug|x64
		Debug|x86 = Debug|x86
		Release|Any CPU = Release|Any CPU
		Release|x64 = Release|x64
		Release|x86 = Release|x86
	EndGlobalSection
	GlobalSection(ProjectConfigurationPlatforms) = postSolution
		{A874CC53-C05F-4D09-8294-030B3F7295AC}.Debug|Any CPU.ActiveCfg = Debug|Any CPU
		{A874CC53-C05F-4D09-8294-030B3F7295AC}.Debug|Any CPU.Build.0 = Debug|Any CPU
		{A874CC53-C05F-4D09-8294-030B3F7295AC}.Debug|x64.ActiveCfg = Debug|Any CPU
		{A874CC53-C05F-4D09-8294-030B3F7295AC}.Debug|x64.Build.0 = Debug|Any CPU
		{A874CC53-C05F-4D09-8294-030B3F7295AC}.Debug|x86.ActiveCfg = Debug|Any CPU
		{A874CC53-C05F-4D09-8294-030B3F7295AC}.Debug|x86.Build.0 = Debug|Any CPU
		{A874CC53-C05F-4D09-8294-030B3F7295AC}.Release|Any CPU.ActiveCfg = Release|Any CPU
		{A874CC53-C05F-4D09-8294-030B3F7295AC}.Release|Any CPU.Build.0 = Release|Any CPU
		{A874CC53-C05F-4D09-8294-030B3F7295AC}.Release|x64.ActiveCfg = Release|Any CPU
		{A874CC53-C05F-4D09-8294-030B3F7295AC}.Release|x64.Build.0 = Release|Any CPU
		{A874CC53-C05F-4D09-8294-030B3F7295AC}.Release|x86.ActiveCfg = Release|Any CPU
		{A874CC53-C05F-4D09-8294-030B3F7295AC}.Release|x86.Build.0 = Release|Any CPU
		{B795A404-54B6-41FA-85E6-A53C4F81055D}.Debug|Any CPU.ActiveCfg = Debug|Any CPU
		{B795A404-54B6-41FA-85E6-A53C4F81055D}.Debug|Any CPU.Build.0 = Debug|Any CPU
		{B795A404-54B6-41FA-85E6-A53C4F81055D}.Debug|x64.ActiveCfg = Debug|Any CPU
		{B795A404-54B6-41FA-85E6-A53C4F81055D}.Debug|x64.Build.0 = Debug|Any CPU
		{B795A404-54B6-41FA-85E6-A53C4F81055D}.Debug|x86.ActiveCfg = Debug|Any CPU
		{B795A404-54B6-41FA-85E6-A53C4F81055D}.Debug|x86.Build.0 = Debug|Any CPU
		{B795A404-54B6-41FA-85E6-A53C4F81055D}.Release|Any CPU.ActiveCfg = Release|Any CPU
		{B795A404-54B6-41FA-85E6-A53C4F81055D}.Release|Any CPU.Build.0 = Release|Any CPU
		{B795A404-54B6-41FA-85E6-A53C4F81055D}.Release|x64.ActiveCfg = Release|Any CPU
		{B795A404-54B6-41FA-85E6-A53C4F81055D}.Release|x64.Build.0 = Release|Any CPU
		{B795A404-54B6-41FA-85E6-A53C4F81055D}.Release|x86.ActiveCfg = Release|Any CPU
		{B795A404-54B6-41FA-85E6-A53C4F81055D}.Release|x86.Build.0 = Release|Any CPU
		{0F6EA0A8-C28C-473E-9F02-3015331EC08F}.Debug|Any CPU.ActiveCfg = Debug|Any CPU
		{0F6EA0A8-C28C-473E-9F02-3015331EC08F}.Debug|Any CPU.Build.0 = Debug|Any CPU
		{0F6EA0A8-C28C-473E-9F02-3015331EC08F}.Debug|x64.ActiveCfg = Debug|Any CPU
		{0F6EA0A8-C28C-473E-9F02-3015331EC08F}.Debug|x64.Build.0 = Debug|Any CPU
		{0F6EA0A8-C28C-473E-9F02-3015331EC08F}.Debug|x86.ActiveCfg = Debug|Any CPU
		{0F6EA0A8-C28C-473E-9F02-3015331EC08F}.Debug|x86.Build.0 = Debug|Any CPU
		{0F6EA0A8-C28C-473E-9F02-3015331EC08F}.Release|Any CPU.ActiveCfg = Release|Any CPU
		{0F6EA0A8-C28C-473E-9F02-3015331EC08F}.Release|Any CPU.Build.0 = Release|Any CPU
		{0F6EA0A8-C28C-473E-9F02-3015331EC08F}.Release|x64.ActiveCfg = Release|Any CPU
		{0F6EA0A8-C28C-473E-9F02-3015331EC08F}.Release|x64.Build.0 = Release|Any CPU
		{0F6EA0A8-C28C-473E-9F02-3015331EC08F}.Release|x86.ActiveCfg = Release|Any CPU
		{0F6EA0A8-C28C-473E-9F02-3015331EC08F}.Release|x86.Build.0 = Release|Any CPU
		{AA4416EA-8841-4B79-A1A1-B2925BD72C4A}.Debug|Any CPU.ActiveCfg = Debug|Any CPU
		{AA4416EA-8841-4B79-A1A1-B2925BD72C4A}.Debug|Any CPU.Build.0 = Debug|Any CPU
		{AA4416EA-8841-4B79-A1A1-B2925BD72C4A}.Debug|x64.ActiveCfg = Debug|Any CPU
		{AA4416EA-8841-4B79-A1A1-B2925BD72C4A}.Debug|x64.Build.0 = Debug|Any CPU
		{AA4416EA-8841-4B79-A1A1-B2925BD72C4A}.Debug|x86.ActiveCfg = Debug|Any CPU
		{AA4416EA-8841-4B79-A1A1-B2925BD72C4A}.Debug|x86.Build.0 = Debug|Any CPU
		{AA4416EA-8841-4B79-A1A1-B2925BD72C4A}.Release|Any CPU.ActiveCfg = Release|Any CPU
		{AA4416EA-8841-4B79-A1A1-B2925BD72C4A}.Release|Any CPU.Build.0 = Release|Any CPU
		{AA4416EA-8841-4B79-A1A1-B2925BD72C4A}.Release|x64.ActiveCfg = Release|Any CPU
		{AA4416EA-8841-4B79-A1A1-B2925BD72C4A}.Release|x64.Build.0 = Release|Any CPU
		{AA4416EA-8841-4B79-A1A1-B2925BD72C4A}.Release|x86.ActiveCfg = Release|Any CPU
		{AA4416EA-8841-4B79-A1A1-B2925BD72C4A}.Release|x86.Build.0 = Release|Any CPU
		{30E21EA9-1CD4-4FD7-B78E-76BE3EB08759}.Debug|Any CPU.ActiveCfg = Debug|Any CPU
		{30E21EA9-1CD4-4FD7-B78E-76BE3EB08759}.Debug|Any CPU.Build.0 = Debug|Any CPU
		{30E21EA9-1CD4-4FD7-B78E-76BE3EB08759}.Debug|x64.ActiveCfg = Debug|Any CPU
		{30E21EA9-1CD4-4FD7-B78E-76BE3EB08759}.Debug|x64.Build.0 = Debug|Any CPU
		{30E21EA9-1CD4-4FD7-B78E-76BE3EB08759}.Debug|x86.ActiveCfg = Debug|Any CPU
		{30E21EA9-1CD4-4FD7-B78E-76BE3EB08759}.Debug|x86.Build.0 = Debug|Any CPU
		{30E21EA9-1CD4-4FD7-B78E-76BE3EB08759}.Release|Any CPU.ActiveCfg = Release|Any CPU
		{30E21EA9-1CD4-4FD7-B78E-76BE3EB08759}.Release|Any CPU.Build.0 = Release|Any CPU
		{30E21EA9-1CD4-4FD7-B78E-76BE3EB08759}.Release|x64.ActiveCfg = Release|Any CPU
		{30E21EA9-1CD4-4FD7-B78E-76BE3EB08759}.Release|x64.Build.0 = Release|Any CPU
		{30E21EA9-1CD4-4FD7-B78E-76BE3EB08759}.Release|x86.ActiveCfg = Release|Any CPU
		{30E21EA9-1CD4-4FD7-B78E-76BE3EB08759}.Release|x86.Build.0 = Release|Any CPU
		{8F81F1AA-B2A9-48F7-8D2B-CF5D67D07A60}.Debug|Any CPU.ActiveCfg = Debug|Any CPU
		{8F81F1AA-B2A9-48F7-8D2B-CF5D67D07A60}.Debug|Any CPU.Build.0 = Debug|Any CPU
		{8F81F1AA-B2A9-48F7-8D2B-CF5D67D07A60}.Debug|x64.ActiveCfg = Debug|Any CPU
		{8F81F1AA-B2A9-48F7-8D2B-CF5D67D07A60}.Debug|x64.Build.0 = Debug|Any CPU
		{8F81F1AA-B2A9-48F7-8D2B-CF5D67D07A60}.Debug|x86.ActiveCfg = Debug|Any CPU
		{8F81F1AA-B2A9-48F7-8D2B-CF5D67D07A60}.Debug|x86.Build.0 = Debug|Any CPU
		{8F81F1AA-B2A9-48F7-8D2B-CF5D67D07A60}.Release|Any CPU.ActiveCfg = Release|Any CPU
		{8F81F1AA-B2A9-48F7-8D2B-CF5D67D07A60}.Release|Any CPU.Build.0 = Release|Any CPU
		{8F81F1AA-B2A9-48F7-8D2B-CF5D67D07A60}.Release|x64.ActiveCfg = Release|Any CPU
		{8F81F1AA-B2A9-48F7-8D2B-CF5D67D07A60}.Release|x64.Build.0 = Release|Any CPU
		{8F81F1AA-B2A9-48F7-8D2B-CF5D67D07A60}.Release|x86.ActiveCfg = Release|Any CPU
		{8F81F1AA-B2A9-48F7-8D2B-CF5D67D07A60}.Release|x86.Build.0 = Release|Any CPU
		{2DB9E1ED-72D2-4EC4-90DB-B957E1676CA6}.Debug|Any CPU.ActiveCfg = Debug|Any CPU
		{2DB9E1ED-72D2-4EC4-90DB-B957E1676CA6}.Debug|Any CPU.Build.0 = Debug|Any CPU
		{2DB9E1ED-72D2-4EC4-90DB-B957E1676CA6}.Debug|x64.ActiveCfg = Debug|Any CPU
		{2DB9E1ED-72D2-4EC4-90DB-B957E1676CA6}.Debug|x64.Build.0 = Debug|Any CPU
		{2DB9E1ED-72D2-4EC4-90DB-B957E1676CA6}.Debug|x86.ActiveCfg = Debug|Any CPU
		{2DB9E1ED-72D2-4EC4-90DB-B957E1676CA6}.Debug|x86.Build.0 = Debug|Any CPU
		{2DB9E1ED-72D2-4EC4-90DB-B957E1676CA6}.Release|Any CPU.ActiveCfg = Release|Any CPU
		{2DB9E1ED-72D2-4EC4-90DB-B957E1676CA6}.Release|Any CPU.Build.0 = Release|Any CPU
		{2DB9E1ED-72D2-4EC4-90DB-B957E1676CA6}.Release|x64.ActiveCfg = Release|Any CPU
		{2DB9E1ED-72D2-4EC4-90DB-B957E1676CA6}.Release|x64.Build.0 = Release|Any CPU
		{2DB9E1ED-72D2-4EC4-90DB-B957E1676CA6}.Release|x86.ActiveCfg = Release|Any CPU
		{2DB9E1ED-72D2-4EC4-90DB-B957E1676CA6}.Release|x86.Build.0 = Release|Any CPU
	EndGlobalSection
	GlobalSection(SolutionProperties) = preSolution
		HideSolutionNode = FALSE
	EndGlobalSection
	GlobalSection(NestedProjects) = preSolution
		{A874CC53-C05F-4D09-8294-030B3F7295AC} = {827E0CD3-B72D-47B6-A68D-7590B98EB39B}
		{B795A404-54B6-41FA-85E6-A53C4F81055D} = {827E0CD3-B72D-47B6-A68D-7590B98EB39B}
		{0F6EA0A8-C28C-473E-9F02-3015331EC08F} = {827E0CD3-B72D-47B6-A68D-7590B98EB39B}
		{AA4416EA-8841-4B79-A1A1-B2925BD72C4A} = {827E0CD3-B72D-47B6-A68D-7590B98EB39B}
		{30E21EA9-1CD4-4FD7-B78E-76BE3EB08759} = {827E0CD3-B72D-47B6-A68D-7590B98EB39B}
		{8F81F1AA-B2A9-48F7-8D2B-CF5D67D07A60} = {0AB3BF05-4346-4AA6-1389-037BE0695223}
		{2DB9E1ED-72D2-4EC4-90DB-B957E1676CA6} = {0AB3BF05-4346-4AA6-1389-037BE0695223}
	EndGlobalSection
EndGlobal
